
Microsoft Visual Studio Solution File, Format Version 12.00
# Visual Studio Version 16
VisualStudioVersion = 16.0.31410.357
MinimumVisualStudioVersion = 10.0.40219.1
Project("{FAE04EC0-301F-11D3-BF4B-00C04F79EFBC}") = "DoHomeClient", "DoHomeClient\DoHomeClient.csproj", "{30DAD4C5-6FC1-4137-87B3-07EFA7A0E8FF}"
EndProject
Project("{FAE04EC0-301F-11D3-BF4B-00C04F79EFBC}") = "DoHome", "DoHome\DoHome.csproj", "{B88FCE61-B53B-4DE8-BC6C-642BFA441FE6}"
EndProject
Global
	GlobalSection(SolutionConfigurationPlatforms) = preSolution
		Debug|Any CPU = Debug|Any CPU
		Release|Any CPU = Release|Any CPU
	EndGlobalSection
	GlobalSection(ProjectConfigurationPlatforms) = postSolution
		{30DAD4C5-6FC1-4137-87B3-07EFA7A0E8FF}.Debug|Any CPU.ActiveCfg = Debug|Any CPU
		{30DAD4C5-6FC1-4137-87B3-07EFA7A0E8FF}.Debug|Any CPU.Build.0 = Debug|Any CPU
		{30DAD4C5-6FC1-4137-87B3-07EFA7A0E8FF}.Release|Any CPU.ActiveCfg = Release|Any CPU
		{30DAD4C5-6FC1-4137-87B3-07EFA7A0E8FF}.Release|Any CPU.Build.0 = Release|Any CPU
		{B88FCE61-B53B-4DE8-BC6C-642BFA441FE6}.Debug|Any CPU.ActiveCfg = Debug|Any CPU
		{B88FCE61-B53B-4DE8-BC6C-642BFA441FE6}.Debug|Any CPU.Build.0 = Debug|Any CPU
		{B88FCE61-B53B-4DE8-BC6C-642BFA441FE6}.Release|Any CPU.ActiveCfg = Release|Any CPU
		{B88FCE61-B53B-4DE8-BC6C-642BFA441FE6}.Release|Any CPU.Build.0 = Release|Any CPU
	EndGlobalSection
	GlobalSection(SolutionProperties) = preSolution
		HideSolutionNode = FALSE
	EndGlobalSection
	GlobalSection(ExtensibilityGlobals) = postSolution
		SolutionGuid = {4C8584CA-4E19-4383-BA8A-77AB2024BBF1}
	EndGlobalSection
EndGlobal
